
Microsoft Visual Studio Solution File, Format Version 12.00
# Visual Studio Version 17
VisualStudioVersion = 17.14.36623.8 d17.14
MinimumVisualStudioVersion = 10.0.40219.1
Project("{FAE04EC0-301F-11D3-BF4B-00C04F79EFBC}") = "FirstLabPractice", "FirstLabPractice.csproj", "{5EBA3ACC-8CFA-4E52-919C-762B10486A85}"
EndProject
Global
	GlobalSection(SolutionConfigurationPlatforms) = preSolution
		Debug|Any CPU = Debug|Any CPU
		Release|Any CPU = Release|Any CPU
	EndGlobalSection
	GlobalSection(ProjectConfigurationPlatforms) = postSolution
		{5EBA3ACC-8CFA-4E52-919C-762B10486A85}.Debug|Any CPU.ActiveCfg = Debug|Any CPU
		{5EBA3ACC-8CFA-4E52-919C-762B10486A85}.Debug|Any CPU.Build.0 = Debug|Any CPU
		{5EBA3ACC-8CFA-4E52-919C-762B10486A85}.Release|Any CPU.ActiveCfg = Release|Any CPU
		{5EBA3ACC-8CFA-4E52-919C-762B10486A85}.Release|Any CPU.Build.0 = Release|Any CPU
	EndGlobalSection
	GlobalSection(SolutionProperties) = preSolution
		HideSolutionNode = FALSE
	EndGlobalSection
	GlobalSection(ExtensibilityGlobals) = postSolution
		SolutionGuid = {A782156F-D078-4383-8962-62CA9497CBC5}
	EndGlobalSection
EndGlobal
