
Microsoft Visual Studio Solution File, Format Version 12.00
# Visual Studio Version 17
VisualStudioVersion = 17.14.36705.20 d17.14
MinimumVisualStudioVersion = 10.0.40219.1
Project("{FAE04EC0-301F-11D3-BF4B-00C04F79EFBC}") = "FormValidation", "FormValidation.csproj", "{608C6541-774A-46E1-87F9-1B954E7F3B3C}"
EndProject
Global
	GlobalSection(SolutionConfigurationPlatforms) = preSolution
		Debug|Any CPU = Debug|Any CPU
		Release|Any CPU = Release|Any CPU
	EndGlobalSection
	GlobalSection(ProjectConfigurationPlatforms) = postSolution
		{608C6541-774A-46E1-87F9-1B954E7F3B3C}.Debug|Any CPU.ActiveCfg = Debug|Any CPU
		{608C6541-774A-46E1-87F9-1B954E7F3B3C}.Debug|Any CPU.Build.0 = Debug|Any CPU
		{608C6541-774A-46E1-87F9-1B954E7F3B3C}.Release|Any CPU.ActiveCfg = Release|Any CPU
		{608C6541-774A-46E1-87F9-1B954E7F3B3C}.Release|Any CPU.Build.0 = Release|Any CPU
	EndGlobalSection
	GlobalSection(SolutionProperties) = preSolution
		HideSolutionNode = FALSE
	EndGlobalSection
	GlobalSection(ExtensibilityGlobals) = postSolution
		SolutionGuid = {D3912F59-D5AD-42DA-81C6-727B27DC9E4A}
	EndGlobalSection
EndGlobal
