
Microsoft Visual Studio Solution File, Format Version 12.00
# Visual Studio Version 17
VisualStudioVersion = 17.14.36623.8 d17.14
MinimumVisualStudioVersion = 10.0.40219.1
Project("{FAE04EC0-301F-11D3-BF4B-00C04F79EFBC}") = "ValuePassingFromControllerToView", "ValuePassingFromControllerToView.csproj", "{89693F13-72F4-48A3-97E9-A54EE338C363}"
EndProject
Global
	GlobalSection(SolutionConfigurationPlatforms) = preSolution
		Debug|Any CPU = Debug|Any CPU
		Release|Any CPU = Release|Any CPU
	EndGlobalSection
	GlobalSection(ProjectConfigurationPlatforms) = postSolution
		{89693F13-72F4-48A3-97E9-A54EE338C363}.Debug|Any CPU.ActiveCfg = Debug|Any CPU
		{89693F13-72F4-48A3-97E9-A54EE338C363}.Debug|Any CPU.Build.0 = Debug|Any CPU
		{89693F13-72F4-48A3-97E9-A54EE338C363}.Release|Any CPU.ActiveCfg = Release|Any CPU
		{89693F13-72F4-48A3-97E9-A54EE338C363}.Release|Any CPU.Build.0 = Release|Any CPU
	EndGlobalSection
	GlobalSection(SolutionProperties) = preSolution
		HideSolutionNode = FALSE
	EndGlobalSection
	GlobalSection(ExtensibilityGlobals) = postSolution
		SolutionGuid = {5E12E1E1-7317-424E-969A-EC75F32E748A}
	EndGlobalSection
EndGlobal
